
Microsoft Visual Studio Solution File, Format Version 12.00
# Visual Studio Version 16
VisualStudioVersion = 16.0.30011.22
MinimumVisualStudioVersion = 10.0.40219.1
Project("{FAE04EC0-301F-11D3-BF4B-00C04F79EFBC}") = "TestITunesApi", "TestITunesApi\TestITunesApi.csproj", "{72281637-64B1-4D17-B63A-6B53375EBCBD}"
EndProject
Global
	GlobalSection(SolutionConfigurationPlatforms) = preSolution
		Debug|Any CPU = Debug|Any CPU
		Release|Any CPU = Release|Any CPU
	EndGlobalSection
	GlobalSection(ProjectConfigurationPlatforms) = postSolution
		{72281637-64B1-4D17-B63A-6B53375EBCBD}.Debug|Any CPU.ActiveCfg = Debug|Any CPU
		{72281637-64B1-4D17-B63A-6B53375EBCBD}.Debug|Any CPU.Build.0 = Debug|Any CPU
		{72281637-64B1-4D17-B63A-6B53375EBCBD}.Release|Any CPU.ActiveCfg = Release|Any CPU
		{72281637-64B1-4D17-B63A-6B53375EBCBD}.Release|Any CPU.Build.0 = Release|Any CPU
	EndGlobalSection
	GlobalSection(SolutionProperties) = preSolution
		HideSolutionNode = FALSE
	EndGlobalSection
	GlobalSection(ExtensibilityGlobals) = postSolution
		SolutionGuid = {ED538131-C5E2-4278-83B0-610BA76DAD81}
	EndGlobalSection
EndGlobal
